// !$*UTF8*$!
{
	archiveVersion = 1;
	classes = {
	};
	objectVersion = 50;
	objects = {

/* Begin PBXBuildFile section */
		3CAD3B93222869B100E923C4 /* AppDelegate.swift in Sources */ = {isa = PBXBuildFile; fileRef = 3CAD3B92222869B100E923C4 /* AppDelegate.swift */; };
		3CAD3B98222869B100E923C4 /* Main.storyboard in Resources */ = {isa = PBXBuildFile; fileRef = 3CAD3B96222869B100E923C4 /* Main.storyboard */; };
		3CAD3B9A222869B200E923C4 /* Assets.xcassets in Resources */ = {isa = PBXBuildFile; fileRef = 3CAD3B99222869B200E923C4 /* Assets.xcassets */; };
		3CAD3B9D222869B200E923C4 /* LaunchScreen.storyboard in Resources */ = {isa = PBXBuildFile; fileRef = 3CAD3B9B222869B200E923C4 /* LaunchScreen.storyboard */; };
		3CAD3BA8222869B200E923C4 /* SmoooothOperatorTests.swift in Sources */ = {isa = PBXBuildFile; fileRef = 3CAD3BA7222869B200E923C4 /* SmoooothOperatorTests.swift */; };
		3CAD3BB3222869B200E923C4 /* SmoooothOperatorUITests.swift in Sources */ = {isa = PBXBuildFile; fileRef = 3CAD3BB2222869B200E923C4 /* SmoooothOperatorUITests.swift */; };
		3CAD3BC122286A4700E923C4 /* ImagesViewController.swift in Sources */ = {isa = PBXBuildFile; fileRef = 3CAD3BC022286A4700E923C4 /* ImagesViewController.swift */; };
		3CAD3BC322286AE800E923C4 /* Constants.swift in Sources */ = {isa = PBXBuildFile; fileRef = 3CAD3BC222286AE800E923C4 /* Constants.swift */; };
		3CAD3BC522286B4900E923C4 /* SadeTableViewCell.swift in Sources */ = {isa = PBXBuildFile; fileRef = 3CAD3BC422286B4900E923C4 /* SadeTableViewCell.swift */; };
		3CAD3BC922297DFA00E923C4 /* Extensions.swift in Sources */ = {isa = PBXBuildFile; fileRef = 3CAD3BC822297DFA00E923C4 /* Extensions.swift */; };
/* End PBXBuildFile section */

/* Begin PBXContainerItemProxy section */
		3CAD3BA4222869B200E923C4 /* PBXContainerItemProxy */ = {
			isa = PBXContainerItemProxy;
			containerPortal = 3CAD3B87222869B000E923C4 /* Project object */;
			proxyType = 1;
			remoteGlobalIDString = 3CAD3B8E222869B100E923C4;
			remoteInfo = SmoooothOperator;
		};
		3CAD3BAF222869B200E923C4 /* PBXContainerItemProxy */ = {
			isa = PBXContainerItemProxy;
			containerPortal = 3CAD3B87222869B000E923C4 /* Project object */;
			proxyType = 1;
			remoteGlobalIDString = 3CAD3B8E222869B100E923C4;
			remoteInfo = SmoooothOperator;
		};
/* End PBXContainerItemProxy section */

/* Begin PBXFileReference section */
		3CAD3B8F222869B100E923C4 /* SmoooothOperator.app */ = {isa = PBXFileReference; explicitFileType = wrapper.application; includeInIndex = 0; path = SmoooothOperator.app; sourceTree = BUILT_PRODUCTS_DIR; };
		3CAD3B92222869B100E923C4 /* AppDelegate.swift */ = {isa = PBXFileReference; lastKnownFileType = sourcecode.swift; path = AppDelegate.swift; sourceTree = "<group>"; };
		3CAD3B97222869B100E923C4 /* Base */ = {isa = PBXFileReference; lastKnownFileType = file.storyboard; name = Base; path = Base.lproj/Main.storyboard; sourceTree = "<group>"; };
		3CAD3B99222869B200E923C4 /* Assets.xcassets */ = {isa = PBXFileReference; lastKnownFileType = folder.assetcatalog; path = Assets.xcassets; sourceTree = "<group>"; };
		3CAD3B9C222869B200E923C4 /* Base */ = {isa = PBXFileReference; lastKnownFileType = file.storyboard; name = Base; path = Base.lproj/LaunchScreen.storyboard; sourceTree = "<group>"; };
		3CAD3B9E222869B200E923C4 /* Info.plist */ = {isa = PBXFileReference; lastKnownFileType = text.plist.xml; path = Info.plist; sourceTree = "<group>"; };
		3CAD3BA3222869B200E923C4 /* SmoooothOperatorTests.xctest */ = {isa = PBXFileReference; explicitFileType = wrapper.cfbundle; includeInIndex = 0; path = SmoooothOperatorTests.xctest; sourceTree = BUILT_PRODUCTS_DIR; };
		3CAD3BA7222869B200E923C4 /* SmoooothOperatorTests.swift */ = {isa = PBXFileReference; lastKnownFileType = sourcecode.swift; path = SmoooothOperatorTests.swift; sourceTree = "<group>"; };
		3CAD3BA9222869B200E923C4 /* Info.plist */ = {isa = PBXFileReference; lastKnownFileType = text.plist.xml; path = Info.plist; sourceTree = "<group>"; };
		3CAD3BAE222869B200E923C4 /* SmoooothOperatorUITests.xctest */ = {isa = PBXFileReference; explicitFileType = wrapper.cfbundle; includeInIndex = 0; path = SmoooothOperatorUITests.xctest; sourceTree = BUILT_PRODUCTS_DIR; };
		3CAD3BB2222869B200E923C4 /* SmoooothOperatorUITests.swift */ = {isa = PBXFileReference; lastKnownFileType = sourcecode.swift; path = SmoooothOperatorUITests.swift; sourceTree = "<group>"; };
		3CAD3BB4222869B200E923C4 /* Info.plist */ = {isa = PBXFileReference; lastKnownFileType = text.plist.xml; path = Info.plist; sourceTree = "<group>"; };
		3CAD3BC022286A4700E923C4 /* ImagesViewController.swift */ = {isa = PBXFileReference; fileEncoding = 4; lastKnownFileType = sourcecode.swift; path = ImagesViewController.swift; sourceTree = "<group>"; };
		3CAD3BC222286AE800E923C4 /* Constants.swift */ = {isa = PBXFileReference; fileEncoding = 4; lastKnownFileType = sourcecode.swift; path = Constants.swift; sourceTree = "<group>"; };
		3CAD3BC422286B4900E923C4 /* SadeTableViewCell.swift */ = {isa = PBXFileReference; lastKnownFileType = sourcecode.swift; path = SadeTableViewCell.swift; sourceTree = "<group>"; };
		3CAD3BC822297DFA00E923C4 /* Extensions.swift */ = {isa = PBXFileReference; lastKnownFileType = sourcecode.swift; path = Extensions.swift; sourceTree = "<group>"; };
/* End PBXFileReference section */

/* Begin PBXFrameworksBuildPhase section */
		3CAD3B8C222869B100E923C4 /* Frameworks */ = {
			isa = PBXFrameworksBuildPhase;
			buildActionMask = 2147483647;
			files = (
			);
			runOnlyForDeploymentPostprocessing = 0;
		};
		3CAD3BA0222869B200E923C4 /* Frameworks */ = {
			isa = PBXFrameworksBuildPhase;
			buildActionMask = 2147483647;
			files = (
			);
			runOnlyForDeploymentPostprocessing = 0;
		};
		3CAD3BAB222869B200E923C4 /* Frameworks */ = {
			isa = PBXFrameworksBuildPhase;
			buildActionMask = 2147483647;
			files = (
			);
			runOnlyForDeploymentPostprocessing = 0;
		};
/* End PBXFrameworksBuildPhase section */

/* Begin PBXGroup section */
		3CAD3B86222869B000E923C4 = {
			isa = PBXGroup;
			children = (
				3CAD3B91222869B100E923C4 /* SmoooothOperator */,
				3CAD3BA6222869B200E923C4 /* SmoooothOperatorTests */,
				3CAD3BB1222869B200E923C4 /* SmoooothOperatorUITests */,
				3CAD3B90222869B100E923C4 /* Products */,
			);
			sourceTree = "<group>";
		};
		3CAD3B90222869B100E923C4 /* Products */ = {
			isa = PBXGroup;
			children = (
				3CAD3B8F222869B100E923C4 /* SmoooothOperator.app */,
				3CAD3BA3222869B200E923C4 /* SmoooothOperatorTests.xctest */,
				3CAD3BAE222869B200E923C4 /* SmoooothOperatorUITests.xctest */,
			);
			name = Products;
			sourceTree = "<group>";
		};
		3CAD3B91222869B100E923C4 /* SmoooothOperator */ = {
			isa = PBXGroup;
			children = (
				3CAD3BC422286B4900E923C4 /* SadeTableViewCell.swift */,
				3CAD3BC222286AE800E923C4 /* Constants.swift */,
				3CAD3BC022286A4700E923C4 /* ImagesViewController.swift */,
				3CAD3B92222869B100E923C4 /* AppDelegate.swift */,
				3CAD3B96222869B100E923C4 /* Main.storyboard */,
				3CAD3B99222869B200E923C4 /* Assets.xcassets */,
				3CAD3B9B222869B200E923C4 /* LaunchScreen.storyboard */,
				3CAD3B9E222869B200E923C4 /* Info.plist */,
				3CAD3BC822297DFA00E923C4 /* Extensions.swift */,
			);
			path = SmoooothOperator;
			sourceTree = "<group>";
		};
		3CAD3BA6222869B200E923C4 /* SmoooothOperatorTests */ = {
			isa = PBXGroup;
			children = (
				3CAD3BA7222869B200E923C4 /* SmoooothOperatorTests.swift */,
				3CAD3BA9222869B200E923C4 /* Info.plist */,
			);
			path = SmoooothOperatorTests;
			sourceTree = "<group>";
		};
		3CAD3BB1222869B200E923C4 /* SmoooothOperatorUITests */ = {
			isa = PBXGroup;
			children = (
				3CAD3BB2222869B200E923C4 /* SmoooothOperatorUITests.swift */,
				3CAD3BB4222869B200E923C4 /* Info.plist */,
			);
			path = SmoooothOperatorUITests;
			sourceTree = "<group>";
		};
/* End PBXGroup section */

/* Begin PBXNativeTarget section */
		3CAD3B8E222869B100E923C4 /* SmoooothOperator */ = {
			isa = PBXNativeTarget;
			buildConfigurationList = 3CAD3BB7222869B200E923C4 /* Build configuration list for PBXNativeTarget "SmoooothOperator" */;
			buildPhases = (
				3CAD3B8B222869B100E923C4 /* Sources */,
				3CAD3B8C222869B100E923C4 /* Frameworks */,
				3CAD3B8D222869B100E923C4 /* Resources */,
			);
			buildRules = (
			);
			dependencies = (
			);
			name = SmoooothOperator;
			productName = SmoooothOperator;
			productReference = 3CAD3B8F222869B100E923C4 /* SmoooothOperator.app */;
			productType = "com.apple.product-type.application";
		};
		3CAD3BA2222869B200E923C4 /* SmoooothOperatorTests */ = {
			isa = PBXNativeTarget;
			buildConfigurationList = 3CAD3BBA222869B200E923C4 /* Build configuration list for PBXNativeTarget "SmoooothOperatorTests" */;
			buildPhases = (
				3CAD3B9F222869B200E923C4 /* Sources */,
				3CAD3BA0222869B200E923C4 /* Frameworks */,
				3CAD3BA1222869B200E923C4 /* Resources */,
			);
			buildRules = (
			);
			dependencies = (
				3CAD3BA5222869B200E923C4 /* PBXTargetDependency */,
			);
			name = SmoooothOperatorTests;
			productName = SmoooothOperatorTests;
			productReference = 3CAD3BA3222869B200E923C4 /* SmoooothOperatorTests.xctest */;
			productType = "com.apple.product-type.bundle.unit-test";
		};
		3CAD3BAD222869B200E923C4 /* SmoooothOperatorUITests */ = {
			isa = PBXNativeTarget;
			buildConfigurationList = 3CAD3BBD222869B200E923C4 /* Build configuration list for PBXNativeTarget "SmoooothOperatorUITests" */;
			buildPhases = (
				3CAD3BAA222869B200E923C4 /* Sources */,
				3CAD3BAB222869B200E923C4 /* Frameworks */,
				3CAD3BAC222869B200E923C4 /* Resources */,
			);
			buildRules = (
			);
			dependencies = (
				3CAD3BB0222869B200E923C4 /* PBXTargetDependency */,
			);
			name = SmoooothOperatorUITests;
			productName = SmoooothOperatorUITests;
			productReference = 3CAD3BAE222869B200E923C4 /* SmoooothOperatorUITests.xctest */;
			productType = "com.apple.product-type.bundle.ui-testing";
		};
/* End PBXNativeTarget section */

/* Begin PBXProject section */
		3CAD3B87222869B000E923C4 /* Project object */ = {
			isa = PBXProject;
			attributes = {
				LastSwiftUpdateCheck = 1010;
				LastUpgradeCheck = 1010;
				ORGANIZATIONNAME = claire.roughan;
				TargetAttributes = {
					3CAD3B8E222869B100E923C4 = {
						CreatedOnToolsVersion = 10.1;
					};
					3CAD3BA2222869B200E923C4 = {
						CreatedOnToolsVersion = 10.1;
						TestTargetID = 3CAD3B8E222869B100E923C4;
					};
					3CAD3BAD222869B200E923C4 = {
						CreatedOnToolsVersion = 10.1;
						TestTargetID = 3CAD3B8E222869B100E923C4;
					};
				};
			};
			buildConfigurationList = 3CAD3B8A222869B000E923C4 /* Build configuration list for PBXProject "SmoooothOperator" */;
			compatibilityVersion = "Xcode 9.3";
			developmentRegion = en;
			hasScannedForEncodings = 0;
			knownRegions = (
				en,
				Base,
			);
			mainGroup = 3CAD3B86222869B000E923C4;
			productRefGroup = 3CAD3B90222869B100E923C4 /* Products */;
			projectDirPath = "";
			projectRoot = "";
			targets = (
				3CAD3B8E222869B100E923C4 /* SmoooothOperator */,
				3CAD3BA2222869B200E923C4 /* SmoooothOperatorTests */,
				3CAD3BAD222869B200E923C4 /* SmoooothOperatorUITests */,
			);
		};
/* End PBXProject section */

/* Begin PBXResourcesBuildPhase section */
		3CAD3B8D222869B100E923C4 /* Resources */ = {
			isa = PBXResourcesBuildPhase;
			buildActionMask = 2147483647;
			files = (
				3CAD3B9D222869B200E923C4 /* LaunchScreen.storyboard in Resources */,
				3CAD3B9A222869B200E923C4 /* Assets.xcassets in Resources */,
				3CAD3B98222869B100E923C4 /* Main.storyboard in Resources */,
			);
			runOnlyForDeploymentPostprocessing = 0;
		};
		3CAD3BA1222869B200E923C4 /* Resources */ = {
			isa = PBXResourcesBuildPhase;
			buildActionMask = 2147483647;
			files = (
			);
			runOnlyForDeploymentPostprocessing = 0;
		};
		3CAD3BAC222869B200E923C4 /* Resources */ = {
			isa = PBXResourcesBuildPhase;
			buildActionMask = 2147483647;
			files = (
			);
			runOnlyForDeploymentPostprocessing = 0;
		};
/* End PBXResourcesBuildPhase section */

/* Begin PBXSourcesBuildPhase section */
		3CAD3B8B222869B100E923C4 /* Sources */ = {
			isa = PBXSourcesBuildPhase;
			buildActionMask = 2147483647;
			files = (
				3CAD3BC922297DFA00E923C4 /* Extensions.swift in Sources */,
				3CAD3BC122286A4700E923C4 /* ImagesViewController.swift in Sources */,
				3CAD3B93222869B100E923C4 /* AppDelegate.swift in Sources */,
				3CAD3BC522286B4900E923C4 /* SadeTableViewCell.swift in Sources */,
				3CAD3BC322286AE800E923C4 /* Constants.swift in Sources */,
			);
			runOnlyForDeploymentPostprocessing = 0;
		};
		3CAD3B9F222869B200E923C4 /* Sources */ = {
			isa = PBXSourcesBuildPhase;
			buildActionMask = 2147483647;
			files = (
				3CAD3BA8222869B200E923C4 /* SmoooothOperatorTests.swift in Sources */,
			);
			runOnlyForDeploymentPostprocessing = 0;
		};
		3CAD3BAA222869B200E923C4 /* Sources */ = {
			isa = PBXSourcesBuildPhase;
			buildActionMask = 2147483647;
			files = (
				3CAD3BB3222869B200E923C4 /* SmoooothOperatorUITests.swift in Sources */,
			);
			runOnlyForDeploymentPostprocessing = 0;
		};
/* End PBXSourcesBuildPhase section */

/* Begin PBXTargetDependency section */
		3CAD3BA5222869B200E923C4 /* PBXTargetDependency */ = {
			isa = PBXTargetDependency;
			target = 3CAD3B8E222869B100E923C4 /* SmoooothOperator */;
			targetProxy = 3CAD3BA4222869B200E923C4 /* PBXContainerItemProxy */;
		};
		3CAD3BB0222869B200E923C4 /* PBXTargetDependency */ = {
			isa = PBXTargetDependency;
			target = 3CAD3B8E222869B100E923C4 /* SmoooothOperator */;
			targetProxy = 3CAD3BAF222869B200E923C4 /* PBXContainerItemProxy */;
		};
/* End PBXTargetDependency section */

/* Begin PBXVariantGroup section */
		3CAD3B96222869B100E923C4 /* Main.storyboard */ = {
			isa = PBXVariantGroup;
			children = (
				3CAD3B97222869B100E923C4 /* Base */,
			);
			name = Main.storyboard;
			sourceTree = "<group>";
		};
		3CAD3B9B222869B200E923C4 /* LaunchScreen.storyboard */ = {
			isa = PBXVariantGroup;
			children = (
				3CAD3B9C222869B200E923C4 /* Base */,
			);
			name = LaunchScreen.storyboard;
			sourceTree = "<group>";
		};
/* End PBXVariantGroup section */

/* Begin XCBuildConfiguration section */
		3CAD3BB5222869B200E923C4 /* Debug */ = {
			isa = XCBuildConfiguration;
			buildSettings = {
				ALWAYS_SEARCH_USER_PATHS = NO;
				CLANG_ANALYZER_NONNULL = YES;
				CLANG_ANALYZER_NUMBER_OBJECT_CONVERSION = YES_AGGRESSIVE;
				CLANG_CXX_LANGUAGE_STANDARD = "gnu++14";
				CLANG_CXX_LIBRARY = "libc++";
				CLANG_ENABLE_MODULES = YES;
				CLANG_ENABLE_OBJC_ARC = YES;
				CLANG_ENABLE_OBJC_WEAK = YES;
				CLANG_WARN_BLOCK_CAPTURE_AUTORELEASING = YES;
				CLANG_WARN_BOOL_CONVERSION = YES;
				CLANG_WARN_COMMA = YES;
				CLANG_WARN_CONSTANT_CONVERSION = YES;
				CLANG_WARN_DEPRECATED_OBJC_IMPLEMENTATIONS = YES;
				CLANG_WARN_DIRECT_OBJC_ISA_USAGE = YES_ERROR;
				CLANG_WARN_DOCUMENTATION_COMMENTS = YES;
				CLANG_WARN_EMPTY_BODY = YES;
				CLANG_WARN_ENUM_CONVERSION = YES;
				CLANG_WARN_INFINITE_RECURSION = YES;
				CLANG_WARN_INT_CONVERSION = YES;
				CLANG_WARN_NON_LITERAL_NULL_CONVERSION = YES;
				CLANG_WARN_OBJC_IMPLICIT_RETAIN_SELF = YES;
				CLANG_WARN_OBJC_LITERAL_CONVERSION = YES;
				CLANG_WARN_OBJC_ROOT_CLASS = YES_ERROR;
				CLANG_WARN_RANGE_LOOP_ANALYSIS = YES;
				CLANG_WARN_STRICT_PROTOTYPES = YES;
				CLANG_WARN_SUSPICIOUS_MOVE = YES;
				CLANG_WARN_UNGUARDED_AVAILABILITY = YES_AGGRESSIVE;
				CLANG_WARN_UNREACHABLE_CODE = YES;
				CLANG_WARN__DUPLICATE_METHOD_MATCH = YES;
				CODE_SIGN_IDENTITY = "iPhone Developer";
				COPY_PHASE_STRIP = NO;
				DEBUG_INFORMATION_FORMAT = dwarf;
				ENABLE_STRICT_OBJC_MSGSEND = YES;
				ENABLE_TESTABILITY = YES;
				GCC_C_LANGUAGE_STANDARD = gnu11;
				GCC_DYNAMIC_NO_PIC = NO;
				GCC_NO_COMMON_BLOCKS = YES;
				GCC_OPTIMIZATION_LEVEL = 0;
				GCC_PREPROCESSOR_DEFINITIONS = (
					"DEBUG=1",
					"$(inherited)",
				);
				GCC_WARN_64_TO_32_BIT_CONVERSION = YES;
				GCC_WARN_ABOUT_RETURN_TYPE = YES_ERROR;
				GCC_WARN_UNDECLARED_SELECTOR = YES;
				GCC_WARN_UNINITIALIZED_AUTOS = YES_AGGRESSIVE;
				GCC_WARN_UNUSED_FUNCTION = YES;
				GCC_WARN_UNUSED_VARIABLE = YES;
				IPHONEOS_DEPLOYMENT_TARGET = 11.0;
				MTL_ENABLE_DEBUG_INFO = INCLUDE_SOURCE;
				MTL_FAST_MATH = YES;
				ONLY_ACTIVE_ARCH = YES;
				SDKROOT = iphoneos;
				SWIFT_ACTIVE_COMPILATION_CONDITIONS = DEBUG;
				SWIFT_OPTIMIZATION_LEVEL = "-Onone";
			};
			name = Debug;
		};
		3CAD3BB6222869B200E923C4 /* Release */ = {
			isa = XCBuildConfiguration;
			buildSettings = {
				ALWAYS_SEARCH_USER_PATHS = NO;
				CLANG_ANALYZER_NONNULL = YES;
				CLANG_ANALYZER_NUMBER_OBJECT_CONVERSION = YES_AGGRESSIVE;
				CLANG_CXX_LANGUAGE_STANDARD = "gnu++14";
				CLANG_CXX_LIBRARY = "libc++";
				CLANG_ENABLE_MODULES = YES;
				CLANG_ENABLE_OBJC_ARC = YES;
				CLANG_ENABLE_OBJC_WEAK = YES;
				CLANG_WARN_BLOCK_CAPTURE_AUTORELEASING = YES;
				CLANG_WARN_BOOL_CONVERSION = YES;
				CLANG_WARN_COMMA = YES;
				CLANG_WARN_CONSTANT_CONVERSION = YES;
				CLANG_WARN_DEPRECATED_OBJC_IMPLEMENTATIONS = YES;
				CLANG_WARN_DIRECT_OBJC_ISA_USAGE = YES_ERROR;
				CLANG_WARN_DOCUMENTATION_COMMENTS = YES;
				CLANG_WARN_EMPTY_BODY = YES;
				CLANG_WARN_ENUM_CONVERSION = YES;
				CLANG_WARN_INFINITE_RECURSION = YES;
				CLANG_WARN_INT_CONVERSION = YES;
				CLANG_WARN_NON_LITERAL_NULL_CONVERSION = YES;
				CLANG_WARN_OBJC_IMPLICIT_RETAIN_SELF = YES;
				CLANG_WARN_OBJC_LITERAL_CONVERSION = YES;
				CLANG_WARN_OBJC_ROOT_CLASS = YES_ERROR;
				CLANG_WARN_RANGE_LOOP_ANALYSIS = YES;
				CLANG_WARN_STRICT_PROTOTYPES = YES;
				CLANG_WARN_SUSPICIOUS_MOVE = YES;
				CLANG_WARN_UNGUARDED_AVAILABILITY = YES_AGGRESSIVE;
				CLANG_WARN_UNREACHABLE_CODE = YES;
				CLANG_WARN__DUPLICATE_METHOD_MATCH = YES;
				CODE_SIGN_IDENTITY = "iPhone Developer";
				COPY_PHASE_STRIP = NO;
				DEBUG_INFORMATION_FORMAT = "dwarf-with-dsym";
				ENABLE_NS_ASSERTIONS = NO;
				ENABLE_STRICT_OBJC_MSGSEND = YES;
				GCC_C_LANGUAGE_STANDARD = gnu11;
				GCC_NO_COMMON_BLOCKS = YES;
				GCC_WARN_64_TO_32_BIT_CONVERSION = YES;
				GCC_WARN_ABOUT_RETURN_TYPE = YES_ERROR;
				GCC_WARN_UNDECLARED_SELECTOR = YES;
				GCC_WARN_UNINITIALIZED_AUTOS = YES_AGGRESSIVE;
				GCC_WARN_UNUSED_FUNCTION = YES;
				GCC_WARN_UNUSED_VARIABLE = YES;
				IPHONEOS_DEPLOYMENT_TARGET = 11.0;
				MTL_ENABLE_DEBUG_INFO = NO;
				MTL_FAST_MATH = YES;
				SDKROOT = iphoneos;
				SWIFT_COMPILATION_MODE = wholemodule;
				SWIFT_OPTIMIZATION_LEVEL = "-O";
				VALIDATE_PRODUCT = YES;
			};
			name = Release;
		};
		3CAD3BB8222869B200E923C4 /* Debug */ = {
			isa = XCBuildConfiguration;
			buildSettings = {
				ASSETCATALOG_COMPILER_APPICON_NAME = AppIcon;
				CODE_SIGN_IDENTITY = "iPhone Developer";
				CODE_SIGN_STYLE = Automatic;
				DEVELOPMENT_TEAM = HN55VQ5D69;
				INFOPLIST_FILE = SmoooothOperator/Info.plist;
				IPHONEOS_DEPLOYMENT_TARGET = 11.4;
				LD_RUNPATH_SEARCH_PATHS = (
					"$(inherited)",
					"@executable_path/Frameworks",
				);
				PRODUCT_BUNDLE_IDENTIFIER = com.asitappens.SmoooothOperator;
				PRODUCT_NAME = "$(TARGET_NAME)";
				PROVISIONING_PROFILE_SPECIFIER = "";
				SWIFT_VERSION = 4.0;
				TARGETED_DEVICE_FAMILY = 1;
			};
			name = Debug;
		};
		3CAD3BB9222869B200E923C4 /* Release */ = {
			isa = XCBuildConfiguration;
			buildSettings = {
				ASSETCATALOG_COMPILER_APPICON_NAME = AppIcon;
				CODE_SIGN_IDENTITY = "iPhone Developer";
				CODE_SIGN_STYLE = Automatic;
				DEVELOPMENT_TEAM = HN55VQ5D69;
				INFOPLIST_FILE = SmoooothOperator/Info.plist;
				IPHONEOS_DEPLOYMENT_TARGET = 11.4;
				LD_RUNPATH_SEARCH_PATHS = (
					"$(inherited)",
					"@executable_path/Frameworks",
				);
				PRODUCT_BUNDLE_IDENTIFIER = com.asitappens.SmoooothOperator;
				PRODUCT_NAME = "$(TARGET_NAME)";
				PROVISIONING_PROFILE_SPECIFIER = "";
				SWIFT_VERSION = 4.0;
				TARGETED_DEVICE_FAMILY = 1;
			};
			name = Release;
		};
		3CAD3BBB222869B200E923C4 /* Debug */ = {
			isa = XCBuildConfiguration;
			buildSettings = {
				ALWAYS_EMBED_SWIFT_STANDARD_LIBRARIES = YES;
				BUNDLE_LOADER = "$(TEST_HOST)";
				CODE_SIGN_STYLE = Automatic;
				INFOPLIST_FILE = SmoooothOperatorTests/Info.plist;
				LD_RUNPATH_SEARCH_PATHS = (
					"$(inherited)",
					"@executable_path/Frameworks",
					"@loader_path/Frameworks",
				);
				PRODUCT_BUNDLE_IDENTIFIER = com.asitappens.SmoooothOperatorTests;
				PRODUCT_NAME = "$(TARGET_NAME)";
				SWIFT_VERSION = 4.2;
				TARGETED_DEVICE_FAMILY = "1,2";
				TEST_HOST = "$(BUILT_PRODUCTS_DIR)/SmoooothOperator.app/SmoooothOperator";
			};
			name = Debug;
		};
		3CAD3BBC222869B200E923C4 /* Release */ = {
			isa = XCBuildConfiguration;
			buildSettings = {
				ALWAYS_EMBED_SWIFT_STANDARD_LIBRARIES = YES;
				BUNDLE_LOADER = "$(TEST_HOST)";
				CODE_SIGN_STYLE = Automatic;
				INFOPLIST_FILE = SmoooothOperatorTests/Info.plist;
				LD_RUNPATH_SEARCH_PATHS = (
					"$(inherited)",
					"@executable_path/Frameworks",
					"@loader_path/Frameworks",
				);
				PRODUCT_BUNDLE_IDENTIFIER = com.asitappens.SmoooothOperatorTests;
				PRODUCT_NAME = "$(TARGET_NAME)";
				SWIFT_VERSION = 4.2;
				TARGETED_DEVICE_FAMILY = "1,2";
				TEST_HOST = "$(BUILT_PRODUCTS_DIR)/SmoooothOperator.app/SmoooothOperator";
			};
			name = Release;
		};
		3CAD3BBE222869B200E923C4 /* Debug */ = {
			isa = XCBuildConfiguration;
			buildSettings = {
				ALWAYS_EMBED_SWIFT_STANDARD_LIBRARIES = YES;
				CODE_SIGN_STYLE = Automatic;
				INFOPLIST_FILE = SmoooothOperatorUITests/Info.plist;
				LD_RUNPATH_SEARCH_PATHS = (
					"$(inherited)",
					"@executable_path/Frameworks",
					"@loader_path/Frameworks",
				);
				PRODUCT_BUNDLE_IDENTIFIER = com.asitappens.SmoooothOperatorUITests;
				PRODUCT_NAME = "$(TARGET_NAME)";
				SWIFT_VERSION = 4.2;
				TARGETED_DEVICE_FAMILY = "1,2";
				TEST_TARGET_NAME = SmoooothOperator;
			};
			name = Debug;
		};
		3CAD3BBF222869B200E923C4 /* Release */ = {
			isa = XCBuildConfiguration;
			buildSettings = {
				ALWAYS_EMBED_SWIFT_STANDARD_LIBRARIES = YES;
				CODE_SIGN_STYLE = Automatic;
				INFOPLIST_FILE = SmoooothOperatorUITests/Info.plist;
				LD_RUNPATH_SEARCH_PATHS = (
					"$(inherited)",
					"@executable_path/Frameworks",
					"@loader_path/Frameworks",
				);
				PRODUCT_BUNDLE_IDENTIFIER = com.asitappens.SmoooothOperatorUITests;
				PRODUCT_NAME = "$(TARGET_NAME)";
				SWIFT_VERSION = 4.2;
				TARGETED_DEVICE_FAMILY = "1,2";
				TEST_TARGET_NAME = SmoooothOperator;
			};
			name = Release;
		};
/* End XCBuildConfiguration section */

/* Begin XCConfigurationList section */
		3CAD3B8A222869B000E923C4 /* Build configuration list for PBXProject "SmoooothOperator" */ = {
			isa = XCConfigurationList;
			buildConfigurations = (
				3CAD3BB5222869B200E923C4 /* Debug */,
				3CAD3BB6222869B200E923C4 /* Release */,
			);
			defaultConfigurationIsVisible = 0;
			defaultConfigurationName = Release;
		};
		3CAD3BB7222869B200E923C4 /* Build configuration list for PBXNativeTarget "SmoooothOperator" */ = {
			isa = XCConfigurationList;
			buildConfigurations = (
				3CAD3BB8222869B200E923C4 /* Debug */,
				3CAD3BB9222869B200E923C4 /* Release */,
			);
			defaultConfigurationIsVisible = 0;
			defaultConfigurationName = Release;
		};
		3CAD3BBA222869B200E923C4 /* Build configuration list for PBXNativeTarget "SmoooothOperatorTests" */ = {
			isa = XCConfigurationList;
			buildConfigurations = (
				3CAD3BBB222869B200E923C4 /* Debug */,
				3CAD3BBC222869B200E923C4 /* Release */,
			);
			defaultConfigurationIsVisible = 0;
			defaultConfigurationName = Release;
		};
		3CAD3BBD222869B200E923C4 /* Build configuration list for PBXNativeTarget "SmoooothOperatorUITests" */ = {
			isa = XCConfigurationList;
			buildConfigurations = (
				3CAD3BBE222869B200E923C4 /* Debug */,
				3CAD3BBF222869B200E923C4 /* Release */,
			);
			defaultConfigurationIsVisible = 0;
			defaultConfigurationName = Release;
		};
/* End XCConfigurationList section */
	};
	rootObject = 3CAD3B87222869B000E923C4 /* Project object */;
}
